
Microsoft Visual Studio Solution File, Format Version 12.00
# Visual Studio 15
Project("{FAE04EC0-301F-11D3-BF4B-00C04F79EFBC}") = "Assembly-CSharp", "Assembly-CSharp.csproj", "{D2AB155E-13FB-167F-9EAE-9CF81EF9FD62}"
EndProject
Global
	GlobalSection(SolutionConfigurationPlatforms) = preSolution
		Debug|Any CPU = Debug|Any CPU
		Release|Any CPU = Release|Any CPU
	EndGlobalSection
	GlobalSection(ProjectConfigurationPlatforms) = postSolution
		{D2AB155E-13FB-167F-9EAE-9CF81EF9FD62}.Debug|Any CPU.ActiveCfg = Debug|Any CPU
		{D2AB155E-13FB-167F-9EAE-9CF81EF9FD62}.Debug|Any CPU.Build.0 = Debug|Any CPU
		{D2AB155E-13FB-167F-9EAE-9CF81EF9FD62}.Release|Any CPU.ActiveCfg = Release|Any CPU
		{D2AB155E-13FB-167F-9EAE-9CF81EF9FD62}.Release|Any CPU.Build.0 = Release|Any CPU
	EndGlobalSection
	GlobalSection(SolutionProperties) = preSolution
		HideSolutionNode = FALSE
	EndGlobalSection
EndGlobal
